# This file is automatically @generated by Cargo.
# It is not intended for manual editing.
version = 4

[[package]]
name = "aho-corasick"
version = "0.6.3"
source = "registry+https://github.com/rust-lang/crates.io-index"
checksum = "500909c4f87a9e52355b26626d890833e9e1d53ac566db76c36faa984b889699"
dependencies = [
 "memchr",
]

[[package]]
name = "ansi_term"
version = "0.9.0"
source = "registry+https://github.com/rust-lang/crates.io-index"
checksum = "23ac7c30002a5accbf7e8987d0632fa6de155b7c3d39d0067317a391e00a2ef6"

[[package]]
name = "aster"
version = "0.41.0"
source = "registry+https://github.com/rust-lang/crates.io-index"
checksum = "4ccfdf7355d9db158df68f976ed030ab0f6578af811f5a7bb6dcf221ec24e0e0"
dependencies = [
 "syntex_syntax",
]

[[package]]
name = "atty"
version = "0.2.2"
source = "registry+https://github.com/rust-lang/crates.io-index"
checksum = "d912da0db7fa85514874458ca3651fe2cddace8d0b0505571dbdcd41ab490159"
dependencies = [
 "kernel32-sys",
 "libc",
 "winapi",
]

[[package]]
name = "bindgen"
version = "0.26.1"
source = "registry+https://github.com/rust-lang/crates.io-index"
checksum = "04488a91af8f15eec4d88eb59e2c4e982c03ff31582acf2f5623e2e6d8ae9e0b"
dependencies = [
 "aster",
 "cexpr",
 "cfg-if",
 "clang-sys",
 "clap",
 "env_logger",
 "lazy_static",
 "log",
 "peeking_take_while",
 "quasi",
 "quasi_codegen",
 "regex",
 "syntex_syntax",
]

[[package]]
name = "bitflags"
version = "0.8.2"
source = "registry+https://github.com/rust-lang/crates.io-index"
checksum = "1370e9fc2a6ae53aea8b7a5110edbd08836ed87c88736dfabccade1c2b44bff4"

[[package]]
name = "bitflags"
version = "0.9.1"
source = "registry+https://github.com/rust-lang/crates.io-index"
checksum = "4efd02e230a02e18f92fc2735f44597385ed02ad8f831e7c1c1156ee5e1ab3a5"

[[package]]
name = "cexpr"
version = "0.2.0"
source = "registry+https://github.com/rust-lang/crates.io-index"
checksum = "393a5f0088efbe41f9d1fcd062f24e83c278608420e62109feb2c8abee07de7d"
dependencies = [
 "nom",
]

[[package]]
name = "cfg-if"
version = "0.1.1"
source = "registry+https://github.com/rust-lang/crates.io-index"
checksum = "d0c47d456a36ebf0536a6705c83c1cbbcb9255fbc1d905a6ded104f479268a29"

[[package]]
name = "clang-sys"
version = "0.18.0"
source = "registry+https://github.com/rust-lang/crates.io-index"
checksum = "ff7c2d1502c65748c7221f43ce670b3ba5c697acebfeb85a580827daca6975fc"
dependencies = [
 "bitflags 0.8.2",
 "glob",
 "libc",
 "libloading",
]

[[package]]
name = "clap"
version = "2.25.0"
source = "registry+https://github.com/rust-lang/crates.io-index"
checksum = "867a885995b4184be051b70a592d4d70e32d7a188db6e8dff626af286a962771"
dependencies = [
 "ansi_term",
 "atty",
 "bitflags 0.9.1",
 "strsim",
 "term_size",
 "textwrap",
 "unicode-segmentation",
 "unicode-width",
 "vec_map",
]

[[package]]
name = "env_logger"
version = "0.4.3"
source = "registry+https://github.com/rust-lang/crates.io-index"
checksum = "3ddf21e73e016298f5cb37d6ef8e8da8e39f91f9ec8b0df44b7deb16a9f8cd5b"
dependencies = [
 "log",
 "regex",
]

[[package]]
name = "glob"
version = "0.2.11"
source = "registry+https://github.com/rust-lang/crates.io-index"
checksum = "8be18de09a56b60ed0edf84bc9df007e30040691af7acd1c41874faac5895bfb"

[[package]]
name = "kernel32-sys"
version = "0.2.2"
source = "registry+https://github.com/rust-lang/crates.io-index"
checksum = "7507624b29483431c0ba2d82aece8ca6cdba9382bff4ddd0f7490560c056098d"
dependencies = [
 "winapi",
 "winapi-build",
]

[[package]]
name = "lazy_static"
version = "0.2.8"
source = "registry+https://github.com/rust-lang/crates.io-index"
checksum = "3b37545ab726dd833ec6420aaba8231c5b320814b9029ad585555d2a03e94fbf"

[[package]]
name = "libc"
version = "0.2.24"
source = "registry+https://github.com/rust-lang/crates.io-index"
checksum = "38f5c2b18a287cf78b4097db62e20f43cace381dc76ae5c0a3073067f78b7ddc"

[[package]]
name = "libloading"
version = "0.4.0"
source = "registry+https://github.com/rust-lang/crates.io-index"
checksum = "be99f814beb3e9503a786a592c909692bb6d4fc5a695f6ed7987223acfbd5194"
dependencies = [
 "kernel32-sys",
 "lazy_static",
 "winapi",
]

[[package]]
name = "log"
version = "0.3.8"
source = "registry+https://github.com/rust-lang/crates.io-index"
checksum = "880f77541efa6e5cc74e76910c9884d9859683118839d6a1dc3b11e63512565b"

[[package]]
name = "memchr"
version = "1.0.1"
source = "registry+https://github.com/rust-lang/crates.io-index"
checksum = "1dbccc0e46f1ea47b9f17e6d67c5a96bd27030519c519c9c91327e31275a47b4"
dependencies = [
 "libc",
]

[[package]]
name = "nom"
version = "1.2.4"
source = "registry+https://github.com/rust-lang/crates.io-index"
checksum = "a5b8c256fd9471521bcb84c3cdba98921497f1a331cbc15b8030fc63b82050ce"

[[package]]
name = "peeking_take_while"
version = "0.1.2"
source = "registry+https://github.com/rust-lang/crates.io-index"
checksum = "19b17cddbe7ec3f8bc800887bab5e717348c95ea2ca0b1bf0837fb964dc67099"

[[package]]
name = "quasi"
version = "0.32.0"
source = "registry+https://github.com/rust-lang/crates.io-index"
checksum = "18c45c4854d6d1cf5d531db97c75880feb91c958b0720f4ec1057135fec358b3"
dependencies = [
 "syntex_errors",
 "syntex_syntax",
]

[[package]]
name = "quasi_codegen"
version = "0.32.0"
source = "registry+https://github.com/rust-lang/crates.io-index"
checksum = "51b9e25fa23c044c1803f43ca59c98dac608976dd04ce799411edd58ece776d4"
dependencies = [
 "aster",
 "syntex",
 "syntex_errors",
 "syntex_syntax",
]

[[package]]
name = "regex"
version = "0.2.2"
source = "registry+https://github.com/rust-lang/crates.io-index"
checksum = "1731164734096285ec2a5ec7fea5248ae2f5485b3feeb0115af4fda2183b2d1b"
dependencies = [
 "aho-corasick",
 "memchr",
 "regex-syntax",
 "thread_local",
 "utf8-ranges",
]

[[package]]
name = "regex-syntax"
version = "0.4.1"
source = "registry+https://github.com/rust-lang/crates.io-index"
checksum = "ad890a5eef7953f55427c50575c680c42841653abd2b028b68cd223d157f62db"

[[package]]
name = "rustc-serialize"
version = "0.3.24"
source = "registry+https://github.com/rust-lang/crates.io-index"
checksum = "dcf128d1287d2ea9d80910b5f1120d0b8eede3fbf1abe91c40d39ea7d51e6fda"

[[package]]
name = "scmp"
version = "0.1.1"
dependencies = [
 "bindgen",
]

[[package]]
name = "strsim"
version = "0.6.0"
source = "registry+https://github.com/rust-lang/crates.io-index"
checksum = "b4d15c810519a91cf877e7e36e63fe068815c678181439f2f29e2562147c3694"

[[package]]
name = "syntex"
version = "0.58.1"
source = "registry+https://github.com/rust-lang/crates.io-index"
checksum = "a8f5e3aaa79319573d19938ea38d068056b826db9883a5d47f86c1cecc688f0e"
dependencies = [
 "syntex_errors",
 "syntex_syntax",
]

[[package]]
name = "syntex_errors"
version = "0.58.1"
source = "registry+https://github.com/rust-lang/crates.io-index"
checksum = "867cc5c2d7140ae7eaad2ae9e8bf39cb18a67ca651b7834f88d46ca98faadb9c"
dependencies = [
 "libc",
 "rustc-serialize",
 "syntex_pos",
 "term",
 "unicode-xid",
]

[[package]]
name = "syntex_pos"
version = "0.58.1"
source = "registry+https://github.com/rust-lang/crates.io-index"
checksum = "13ad4762fe52abc9f4008e85c4fb1b1fe3aa91ccb99ff4826a439c7c598e1047"
dependencies = [
 "rustc-serialize",
]

[[package]]
name = "syntex_syntax"
version = "0.58.1"
source = "registry+https://github.com/rust-lang/crates.io-index"
checksum = "6e0e4dbae163dd98989464c23dd503161b338790640e11537686f2ef0f25c791"
dependencies = [
 "bitflags 0.8.2",
 "log",
 "rustc-serialize",
 "syntex_errors",
 "syntex_pos",
 "unicode-xid",
]

[[package]]
name = "term"
version = "0.4.5"
source = "registry+https://github.com/rust-lang/crates.io-index"
checksum = "d168af3930b369cfe245132550579d47dfd873d69470755a19c2c6568dbbd989"
dependencies = [
 "kernel32-sys",
 "winapi",
]

[[package]]
name = "term_size"
version = "0.3.0"
source = "registry+https://github.com/rust-lang/crates.io-index"
checksum = "e2b6b55df3198cc93372e85dd2ed817f0e38ce8cc0f22eb32391bfad9c4bf209"
dependencies = [
 "kernel32-sys",
 "libc",
 "winapi",
]

[[package]]
name = "textwrap"
version = "0.6.0"
source = "registry+https://github.com/rust-lang/crates.io-index"
checksum = "f86300c3e7416ee233abd7cda890c492007a3980f941f79185c753a701257167"
dependencies = [
 "term_size",
 "unicode-width",
]

[[package]]
name = "thread-id"
version = "3.1.0"
source = "registry+https://github.com/rust-lang/crates.io-index"
checksum = "8df7875b676fddfadffd96deea3b1124e5ede707d4884248931077518cf1f773"
dependencies = [
 "kernel32-sys",
 "libc",
]

[[package]]
name = "thread_local"
version = "0.3.3"
source = "registry+https://github.com/rust-lang/crates.io-index"
checksum = "c85048c6260d17cf486ceae3282d9fb6b90be220bf5b28c400f5485ffc29f0c7"
dependencies = [
 "thread-id",
 "unreachable",
]

[[package]]
name = "unicode-segmentation"
version = "1.1.0"
source = "registry+https://github.com/rust-lang/crates.io-index"
checksum = "18127285758f0e2c6cf325bb3f3d138a12fee27de4f23e146cd6a179f26c2cf3"

[[package]]
name = "unicode-width"
version = "0.1.4"
source = "registry+https://github.com/rust-lang/crates.io-index"
checksum = "bf3a113775714a22dcb774d8ea3655c53a32debae63a063acc00a91cc586245f"

[[package]]
name = "unicode-xid"
version = "0.0.4"
source = "registry+https://github.com/rust-lang/crates.io-index"
checksum = "8c1f860d7d29cf02cb2f3f359fd35991af3d30bac52c57d265a3c461074cb4dc"

[[package]]
name = "unreachable"
version = "0.1.1"
source = "registry+https://github.com/rust-lang/crates.io-index"
checksum = "1f2ae5ddb18e1c92664717616dd9549dde73f539f01bd7b77c2edb2446bdff91"
dependencies = [
 "void",
]

[[package]]
name = "utf8-ranges"
version = "1.0.0"
source = "registry+https://github.com/rust-lang/crates.io-index"
checksum = "662fab6525a98beff2921d7f61a39e7d59e0b425ebc7d0d9e66d316e55124122"

[[package]]
name = "vec_map"
version = "0.8.0"
source = "registry+https://github.com/rust-lang/crates.io-index"
checksum = "887b5b631c2ad01628bbbaa7dd4c869f80d3186688f8d0b6f58774fbe324988c"

[[package]]
name = "void"
version = "1.0.2"
source = "registry+https://github.com/rust-lang/crates.io-index"
checksum = "6a02e4885ed3bc0f2de90ea6dd45ebcbb66dacffe03547fadbb0eeae2770887d"

[[package]]
name = "winapi"
version = "0.2.8"
source = "registry+https://github.com/rust-lang/crates.io-index"
checksum = "167dc9d6949a9b857f3451275e911c3f44255842c1f7a76f33c55103a909087a"

[[package]]
name = "winapi-build"
version = "0.1.1"
source = "registry+https://github.com/rust-lang/crates.io-index"
checksum = "2d315eee3b34aca4797b2da6b13ed88266e6d612562a0c46390af8299fc699bc"
